
Microsoft Visual Studio Solution File, Format Version 12.00
# Visual Studio 2013
Project("{FAE04EC0-301F-11D3-BF4B-00C04F79EFBC}") = "UnityVS.PathfindingTutP2 OneWay + Sizes.CSharp", "UnityVS.PathfindingTutP2 OneWay + Sizes.CSharp.csproj", "{BD7115AD-2432-6664-7E6A-EB96E703C9AA}"
EndProject
Global
	GlobalSection(SolutionConfigurationPlatforms) = preSolution
		Debug|Any CPU = Debug|Any CPU
		Release|Any CPU = Release|Any CPU
	EndGlobalSection
	GlobalSection(ProjectConfigurationPlatforms) = postSolution
		{BD7115AD-2432-6664-7E6A-EB96E703C9AA}.Debug|Any CPU.ActiveCfg = Debug|Any CPU
		{BD7115AD-2432-6664-7E6A-EB96E703C9AA}.Debug|Any CPU.Build.0 = Debug|Any CPU
		{BD7115AD-2432-6664-7E6A-EB96E703C9AA}.Release|Any CPU.ActiveCfg = Release|Any CPU
		{BD7115AD-2432-6664-7E6A-EB96E703C9AA}.Release|Any CPU.Build.0 = Release|Any CPU
	EndGlobalSection
	GlobalSection(SolutionProperties) = preSolution
		HideSolutionNode = FALSE
	EndGlobalSection
EndGlobal
