
Microsoft Visual Studio Solution File, Format Version 12.00
# Visual Studio 2013
Project("{FAE04EC0-301F-11D3-BF4B-00C04F79EFBC}") = "UnityVS.PathfindingTut.CSharp", "UnityVS.PathfindingTut.CSharp.csproj", "{68355342-0B3F-E137-8FCA-B3FCA4CA814D}"
EndProject
Global
	GlobalSection(SolutionConfigurationPlatforms) = preSolution
		Debug|Any CPU = Debug|Any CPU
		Release|Any CPU = Release|Any CPU
	EndGlobalSection
	GlobalSection(ProjectConfigurationPlatforms) = postSolution
		{68355342-0B3F-E137-8FCA-B3FCA4CA814D}.Debug|Any CPU.ActiveCfg = Debug|Any CPU
		{68355342-0B3F-E137-8FCA-B3FCA4CA814D}.Debug|Any CPU.Build.0 = Debug|Any CPU
		{68355342-0B3F-E137-8FCA-B3FCA4CA814D}.Release|Any CPU.ActiveCfg = Release|Any CPU
		{68355342-0B3F-E137-8FCA-B3FCA4CA814D}.Release|Any CPU.Build.0 = Release|Any CPU
	EndGlobalSection
	GlobalSection(SolutionProperties) = preSolution
		HideSolutionNode = FALSE
	EndGlobalSection
EndGlobal
